// !$*UTF8*$!
{
	archiveVersion = 1;
	classes = {
	};
	objectVersion = 50;
	objects = {

/* Begin PBXBuildFile section */
		9935A03821A54CE200A47B6C /* Cells.swift in Sources */ = {isa = PBXBuildFile; fileRef = 9935A03721A54CE200A47B6C /* Cells.swift */; };
		9935A05A21A5F48500A47B6C /* Size.swift in Sources */ = {isa = PBXBuildFile; fileRef = 9935A05921A5F48500A47B6C /* Size.swift */; };
		9935A08C21A8929D00A47B6C /* Content.swift in Sources */ = {isa = PBXBuildFile; fileRef = 9935A08B21A8929D00A47B6C /* Content.swift */; };
		99427A6021A4B50C0074427A /* AppDelegate.swift in Sources */ = {isa = PBXBuildFile; fileRef = 99427A5F21A4B50C0074427A /* AppDelegate.swift */; };
		99427A6221A4B50C0074427A /* ViewController.swift in Sources */ = {isa = PBXBuildFile; fileRef = 99427A6121A4B50C0074427A /* ViewController.swift */; };
		99427A6521A4B50C0074427A /* Main.storyboard in Resources */ = {isa = PBXBuildFile; fileRef = 99427A6321A4B50C0074427A /* Main.storyboard */; };
		99427A6721A4B50F0074427A /* Assets.xcassets in Resources */ = {isa = PBXBuildFile; fileRef = 99427A6621A4B50F0074427A /* Assets.xcassets */; };
		99427A6A21A4B50F0074427A /* LaunchScreen.storyboard in Resources */ = {isa = PBXBuildFile; fileRef = 99427A6821A4B50F0074427A /* LaunchScreen.storyboard */; };
		99427A7521A4B50F0074427A /* HairSwapTests.swift in Sources */ = {isa = PBXBuildFile; fileRef = 99427A7421A4B50F0074427A /* HairSwapTests.swift */; };
		99427A8021A4B50F0074427A /* HairSwapUITests.swift in Sources */ = {isa = PBXBuildFile; fileRef = 99427A7F21A4B50F0074427A /* HairSwapUITests.swift */; };
		9964B17721B2EED000C7B017 /* SettingsViewController.swift in Sources */ = {isa = PBXBuildFile; fileRef = 9964B17621B2EED000C7B017 /* SettingsViewController.swift */; };
		996534DC21AC7E4700DDC648 /* DetailViewController.swift in Sources */ = {isa = PBXBuildFile; fileRef = 996534DB21AC7E4700DDC648 /* DetailViewController.swift */; };
		996534E421AC905200DDC648 /* Background.swift in Sources */ = {isa = PBXBuildFile; fileRef = 996534E321AC905200DDC648 /* Background.swift */; };
/* End PBXBuildFile section */

/* Begin PBXContainerItemProxy section */
		99427A7121A4B50F0074427A /* PBXContainerItemProxy */ = {
			isa = PBXContainerItemProxy;
			containerPortal = 99427A5421A4B50C0074427A /* Project object */;
			proxyType = 1;
			remoteGlobalIDString = 99427A5B21A4B50C0074427A;
			remoteInfo = HairSwap;
		};
		99427A7C21A4B50F0074427A /* PBXContainerItemProxy */ = {
			isa = PBXContainerItemProxy;
			containerPortal = 99427A5421A4B50C0074427A /* Project object */;
			proxyType = 1;
			remoteGlobalIDString = 99427A5B21A4B50C0074427A;
			remoteInfo = HairSwap;
		};
/* End PBXContainerItemProxy section */

/* Begin PBXFileReference section */
		9935A03721A54CE200A47B6C /* Cells.swift */ = {isa = PBXFileReference; lastKnownFileType = sourcecode.swift; path = Cells.swift; sourceTree = "<group>"; };
		9935A05921A5F48500A47B6C /* Size.swift */ = {isa = PBXFileReference; lastKnownFileType = sourcecode.swift; path = Size.swift; sourceTree = "<group>"; };
		9935A08B21A8929D00A47B6C /* Content.swift */ = {isa = PBXFileReference; lastKnownFileType = sourcecode.swift; path = Content.swift; sourceTree = "<group>"; };
		99427A5C21A4B50C0074427A /* HairSwap.app */ = {isa = PBXFileReference; explicitFileType = wrapper.application; includeInIndex = 0; path = HairSwap.app; sourceTree = BUILT_PRODUCTS_DIR; };
		99427A5F21A4B50C0074427A /* AppDelegate.swift */ = {isa = PBXFileReference; lastKnownFileType = sourcecode.swift; path = AppDelegate.swift; sourceTree = "<group>"; };
		99427A6121A4B50C0074427A /* ViewController.swift */ = {isa = PBXFileReference; lastKnownFileType = sourcecode.swift; path = ViewController.swift; sourceTree = "<group>"; };
		99427A6421A4B50C0074427A /* Base */ = {isa = PBXFileReference; lastKnownFileType = file.storyboard; name = Base; path = Base.lproj/Main.storyboard; sourceTree = "<group>"; };
		99427A6621A4B50F0074427A /* Assets.xcassets */ = {isa = PBXFileReference; lastKnownFileType = folder.assetcatalog; path = Assets.xcassets; sourceTree = "<group>"; };
		99427A6921A4B50F0074427A /* Base */ = {isa = PBXFileReference; lastKnownFileType = file.storyboard; name = Base; path = Base.lproj/LaunchScreen.storyboard; sourceTree = "<group>"; };
		99427A6B21A4B50F0074427A /* Info.plist */ = {isa = PBXFileReference; lastKnownFileType = text.plist.xml; path = Info.plist; sourceTree = "<group>"; };
		99427A7021A4B50F0074427A /* HairSwapTests.xctest */ = {isa = PBXFileReference; explicitFileType = wrapper.cfbundle; includeInIndex = 0; path = HairSwapTests.xctest; sourceTree = BUILT_PRODUCTS_DIR; };
		99427A7421A4B50F0074427A /* HairSwapTests.swift */ = {isa = PBXFileReference; lastKnownFileType = sourcecode.swift; path = HairSwapTests.swift; sourceTree = "<group>"; };
		99427A7621A4B50F0074427A /* Info.plist */ = {isa = PBXFileReference; lastKnownFileType = text.plist.xml; path = Info.plist; sourceTree = "<group>"; };
		99427A7B21A4B50F0074427A /* HairSwapUITests.xctest */ = {isa = PBXFileReference; explicitFileType = wrapper.cfbundle; includeInIndex = 0; path = HairSwapUITests.xctest; sourceTree = BUILT_PRODUCTS_DIR; };
		99427A7F21A4B50F0074427A /* HairSwapUITests.swift */ = {isa = PBXFileReference; lastKnownFileType = sourcecode.swift; path = HairSwapUITests.swift; sourceTree = "<group>"; };
		99427A8121A4B50F0074427A /* Info.plist */ = {isa = PBXFileReference; lastKnownFileType = text.plist.xml; path = Info.plist; sourceTree = "<group>"; };
		9964B17621B2EED000C7B017 /* SettingsViewController.swift */ = {isa = PBXFileReference; fileEncoding = 4; lastKnownFileType = sourcecode.swift; path = SettingsViewController.swift; sourceTree = "<group>"; };
		996534DB21AC7E4700DDC648 /* DetailViewController.swift */ = {isa = PBXFileReference; lastKnownFileType = sourcecode.swift; path = DetailViewController.swift; sourceTree = "<group>"; };
		996534E321AC905200DDC648 /* Background.swift */ = {isa = PBXFileReference; fileEncoding = 4; lastKnownFileType = sourcecode.swift; path = Background.swift; sourceTree = "<group>"; };
/* End PBXFileReference section */

/* Begin PBXFrameworksBuildPhase section */
		99427A5921A4B50C0074427A /* Frameworks */ = {
			isa = PBXFrameworksBuildPhase;
			buildActionMask = 2147483647;
			files = (
			);
			runOnlyForDeploymentPostprocessing = 0;
		};
		99427A6D21A4B50F0074427A /* Frameworks */ = {
			isa = PBXFrameworksBuildPhase;
			buildActionMask = 2147483647;
			files = (
			);
			runOnlyForDeploymentPostprocessing = 0;
		};
		99427A7821A4B50F0074427A /* Frameworks */ = {
			isa = PBXFrameworksBuildPhase;
			buildActionMask = 2147483647;
			files = (
			);
			runOnlyForDeploymentPostprocessing = 0;
		};
/* End PBXFrameworksBuildPhase section */

/* Begin PBXGroup section */
		9935A03621A54B9B00A47B6C /* View */ = {
			isa = PBXGroup;
			children = (
				996534E321AC905200DDC648 /* Background.swift */,
				9935A03721A54CE200A47B6C /* Cells.swift */,
			);
			path = View;
			sourceTree = "<group>";
		};
		9935A05821A5F47100A47B6C /* Services */ = {
			isa = PBXGroup;
			children = (
				9935A05921A5F48500A47B6C /* Size.swift */,
			);
			path = Services;
			sourceTree = "<group>";
		};
		9935A08A21A8927300A47B6C /* Content */ = {
			isa = PBXGroup;
			children = (
				9935A08B21A8929D00A47B6C /* Content.swift */,
			);
			path = Content;
			sourceTree = "<group>";
		};
		99427A5321A4B50C0074427A = {
			isa = PBXGroup;
			children = (
				99427A5E21A4B50C0074427A /* HairSwap */,
				99427A7321A4B50F0074427A /* HairSwapTests */,
				99427A7E21A4B50F0074427A /* HairSwapUITests */,
				99427A5D21A4B50C0074427A /* Products */,
			);
			sourceTree = "<group>";
		};
		99427A5D21A4B50C0074427A /* Products */ = {
			isa = PBXGroup;
			children = (
				99427A5C21A4B50C0074427A /* HairSwap.app */,
				99427A7021A4B50F0074427A /* HairSwapTests.xctest */,
				99427A7B21A4B50F0074427A /* HairSwapUITests.xctest */,
			);
			name = Products;
			sourceTree = "<group>";
		};
		99427A5E21A4B50C0074427A /* HairSwap */ = {
			isa = PBXGroup;
			children = (
				99427A5F21A4B50C0074427A /* AppDelegate.swift */,
				99427A6B21A4B50F0074427A /* Info.plist */,
				9935A08A21A8927300A47B6C /* Content */,
				9935A05821A5F47100A47B6C /* Services */,
				9935A03621A54B9B00A47B6C /* View */,
				99427A8E21A4B5270074427A /* ViewControllers */,
				99427A8D21A4B5170074427A /* Resources */,
			);
			path = HairSwap;
			sourceTree = "<group>";
		};
		99427A7321A4B50F0074427A /* HairSwapTests */ = {
			isa = PBXGroup;
			children = (
				99427A7421A4B50F0074427A /* HairSwapTests.swift */,
				99427A7621A4B50F0074427A /* Info.plist */,
			);
			path = HairSwapTests;
			sourceTree = "<group>";
		};
		99427A7E21A4B50F0074427A /* HairSwapUITests */ = {
			isa = PBXGroup;
			children = (
				99427A7F21A4B50F0074427A /* HairSwapUITests.swift */,
				99427A8121A4B50F0074427A /* Info.plist */,
			);
			path = HairSwapUITests;
			sourceTree = "<group>";
		};
		99427A8D21A4B5170074427A /* Resources */ = {
			isa = PBXGroup;
			children = (
				99427A6321A4B50C0074427A /* Main.storyboard */,
				99427A6621A4B50F0074427A /* Assets.xcassets */,
				99427A6821A4B50F0074427A /* LaunchScreen.storyboard */,
			);
			path = Resources;
			sourceTree = "<group>";
		};
		99427A8E21A4B5270074427A /* ViewControllers */ = {
			isa = PBXGroup;
			children = (
				99427A6121A4B50C0074427A /* ViewController.swift */,
				9964B17621B2EED000C7B017 /* SettingsViewController.swift */,
				996534DB21AC7E4700DDC648 /* DetailViewController.swift */,
			);
			path = ViewControllers;
			sourceTree = "<group>";
		};
/* End PBXGroup section */

/* Begin PBXNativeTarget section */
		99427A5B21A4B50C0074427A /* HairSwap */ = {
			isa = PBXNativeTarget;
			buildConfigurationList = 99427A8421A4B50F0074427A /* Build configuration list for PBXNativeTarget "HairSwap" */;
			buildPhases = (
				99427A5821A4B50C0074427A /* Sources */,
				99427A5921A4B50C0074427A /* Frameworks */,
				99427A5A21A4B50C0074427A /* Resources */,
			);
			buildRules = (
			);
			dependencies = (
			);
			name = HairSwap;
			productName = HairSwap;
			productReference = 99427A5C21A4B50C0074427A /* HairSwap.app */;
			productType = "com.apple.product-type.application";
		};
		99427A6F21A4B50F0074427A /* HairSwapTests */ = {
			isa = PBXNativeTarget;
			buildConfigurationList = 99427A8721A4B50F0074427A /* Build configuration list for PBXNativeTarget "HairSwapTests" */;
			buildPhases = (
				99427A6C21A4B50F0074427A /* Sources */,
				99427A6D21A4B50F0074427A /* Frameworks */,
				99427A6E21A4B50F0074427A /* Resources */,
			);
			buildRules = (
			);
			dependencies = (
				99427A7221A4B50F0074427A /* PBXTargetDependency */,
			);
			name = HairSwapTests;
			productName = HairSwapTests;
			productReference = 99427A7021A4B50F0074427A /* HairSwapTests.xctest */;
			productType = "com.apple.product-type.bundle.unit-test";
		};
		99427A7A21A4B50F0074427A /* HairSwapUITests */ = {
			isa = PBXNativeTarget;
			buildConfigurationList = 99427A8A21A4B50F0074427A /* Build configuration list for PBXNativeTarget "HairSwapUITests" */;
			buildPhases = (
				99427A7721A4B50F0074427A /* Sources */,
				99427A7821A4B50F0074427A /* Frameworks */,
				99427A7921A4B50F0074427A /* Resources */,
			);
			buildRules = (
			);
			dependencies = (
				99427A7D21A4B50F0074427A /* PBXTargetDependency */,
			);
			name = HairSwapUITests;
			productName = HairSwapUITests;
			productReference = 99427A7B21A4B50F0074427A /* HairSwapUITests.xctest */;
			productType = "com.apple.product-type.bundle.ui-testing";
		};
/* End PBXNativeTarget section */

/* Begin PBXProject section */
		99427A5421A4B50C0074427A /* Project object */ = {
			isa = PBXProject;
			attributes = {
				LastSwiftUpdateCheck = 1010;
				LastUpgradeCheck = 1010;
				ORGANIZATIONNAME = " Kostantin Zarubin";
				TargetAttributes = {
					99427A5B21A4B50C0074427A = {
						CreatedOnToolsVersion = 10.1;
					};
					99427A6F21A4B50F0074427A = {
						CreatedOnToolsVersion = 10.1;
						TestTargetID = 99427A5B21A4B50C0074427A;
					};
					99427A7A21A4B50F0074427A = {
						CreatedOnToolsVersion = 10.1;
						TestTargetID = 99427A5B21A4B50C0074427A;
					};
				};
			};
			buildConfigurationList = 99427A5721A4B50C0074427A /* Build configuration list for PBXProject "HairSwap" */;
			compatibilityVersion = "Xcode 9.3";
			developmentRegion = en;
			hasScannedForEncodings = 0;
			knownRegions = (
				en,
				Base,
			);
			mainGroup = 99427A5321A4B50C0074427A;
			productRefGroup = 99427A5D21A4B50C0074427A /* Products */;
			projectDirPath = "";
			projectRoot = "";
			targets = (
				99427A5B21A4B50C0074427A /* HairSwap */,
				99427A6F21A4B50F0074427A /* HairSwapTests */,
				99427A7A21A4B50F0074427A /* HairSwapUITests */,
			);
		};
/* End PBXProject section */

/* Begin PBXResourcesBuildPhase section */
		99427A5A21A4B50C0074427A /* Resources */ = {
			isa = PBXResourcesBuildPhase;
			buildActionMask = 2147483647;
			files = (
				99427A6A21A4B50F0074427A /* LaunchScreen.storyboard in Resources */,
				99427A6721A4B50F0074427A /* Assets.xcassets in Resources */,
				99427A6521A4B50C0074427A /* Main.storyboard in Resources */,
			);
			runOnlyForDeploymentPostprocessing = 0;
		};
		99427A6E21A4B50F0074427A /* Resources */ = {
			isa = PBXResourcesBuildPhase;
			buildActionMask = 2147483647;
			files = (
			);
			runOnlyForDeploymentPostprocessing = 0;
		};
		99427A7921A4B50F0074427A /* Resources */ = {
			isa = PBXResourcesBuildPhase;
			buildActionMask = 2147483647;
			files = (
			);
			runOnlyForDeploymentPostprocessing = 0;
		};
/* End PBXResourcesBuildPhase section */

/* Begin PBXSourcesBuildPhase section */
		99427A5821A4B50C0074427A /* Sources */ = {
			isa = PBXSourcesBuildPhase;
			buildActionMask = 2147483647;
			files = (
				9935A08C21A8929D00A47B6C /* Content.swift in Sources */,
				9935A05A21A5F48500A47B6C /* Size.swift in Sources */,
				996534E421AC905200DDC648 /* Background.swift in Sources */,
				99427A6221A4B50C0074427A /* ViewController.swift in Sources */,
				996534DC21AC7E4700DDC648 /* DetailViewController.swift in Sources */,
				9935A03821A54CE200A47B6C /* Cells.swift in Sources */,
				99427A6021A4B50C0074427A /* AppDelegate.swift in Sources */,
				9964B17721B2EED000C7B017 /* SettingsViewController.swift in Sources */,
			);
			runOnlyForDeploymentPostprocessing = 0;
		};
		99427A6C21A4B50F0074427A /* Sources */ = {
			isa = PBXSourcesBuildPhase;
			buildActionMask = 2147483647;
			files = (
				99427A7521A4B50F0074427A /* HairSwapTests.swift in Sources */,
			);
			runOnlyForDeploymentPostprocessing = 0;
		};
		99427A7721A4B50F0074427A /* Sources */ = {
			isa = PBXSourcesBuildPhase;
			buildActionMask = 2147483647;
			files = (
				99427A8021A4B50F0074427A /* HairSwapUITests.swift in Sources */,
			);
			runOnlyForDeploymentPostprocessing = 0;
		};
/* End PBXSourcesBuildPhase section */

/* Begin PBXTargetDependency section */
		99427A7221A4B50F0074427A /* PBXTargetDependency */ = {
			isa = PBXTargetDependency;
			target = 99427A5B21A4B50C0074427A /* HairSwap */;
			targetProxy = 99427A7121A4B50F0074427A /* PBXContainerItemProxy */;
		};
		99427A7D21A4B50F0074427A /* PBXTargetDependency */ = {
			isa = PBXTargetDependency;
			target = 99427A5B21A4B50C0074427A /* HairSwap */;
			targetProxy = 99427A7C21A4B50F0074427A /* PBXContainerItemProxy */;
		};
/* End PBXTargetDependency section */

/* Begin PBXVariantGroup section */
		99427A6321A4B50C0074427A /* Main.storyboard */ = {
			isa = PBXVariantGroup;
			children = (
				99427A6421A4B50C0074427A /* Base */,
			);
			name = Main.storyboard;
			sourceTree = "<group>";
		};
		99427A6821A4B50F0074427A /* LaunchScreen.storyboard */ = {
			isa = PBXVariantGroup;
			children = (
				99427A6921A4B50F0074427A /* Base */,
			);
			name = LaunchScreen.storyboard;
			sourceTree = "<group>";
		};
/* End PBXVariantGroup section */

/* Begin XCBuildConfiguration section */
		99427A8221A4B50F0074427A /* Debug */ = {
			isa = XCBuildConfiguration;
			buildSettings = {
				ALWAYS_SEARCH_USER_PATHS = NO;
				CLANG_ANALYZER_NONNULL = YES;
				CLANG_ANALYZER_NUMBER_OBJECT_CONVERSION = YES_AGGRESSIVE;
				CLANG_CXX_LANGUAGE_STANDARD = "gnu++14";
				CLANG_CXX_LIBRARY = "libc++";
				CLANG_ENABLE_MODULES = YES;
				CLANG_ENABLE_OBJC_ARC = YES;
				CLANG_ENABLE_OBJC_WEAK = YES;
				CLANG_WARN_BLOCK_CAPTURE_AUTORELEASING = YES;
				CLANG_WARN_BOOL_CONVERSION = YES;
				CLANG_WARN_COMMA = YES;
				CLANG_WARN_CONSTANT_CONVERSION = YES;
				CLANG_WARN_DEPRECATED_OBJC_IMPLEMENTATIONS = YES;
				CLANG_WARN_DIRECT_OBJC_ISA_USAGE = YES_ERROR;
				CLANG_WARN_DOCUMENTATION_COMMENTS = YES;
				CLANG_WARN_EMPTY_BODY = YES;
				CLANG_WARN_ENUM_CONVERSION = YES;
				CLANG_WARN_INFINITE_RECURSION = YES;
				CLANG_WARN_INT_CONVERSION = YES;
				CLANG_WARN_NON_LITERAL_NULL_CONVERSION = YES;
				CLANG_WARN_OBJC_IMPLICIT_RETAIN_SELF = YES;
				CLANG_WARN_OBJC_LITERAL_CONVERSION = YES;
				CLANG_WARN_OBJC_ROOT_CLASS = YES_ERROR;
				CLANG_WARN_RANGE_LOOP_ANALYSIS = YES;
				CLANG_WARN_STRICT_PROTOTYPES = YES;
				CLANG_WARN_SUSPICIOUS_MOVE = YES;
				CLANG_WARN_UNGUARDED_AVAILABILITY = YES_AGGRESSIVE;
				CLANG_WARN_UNREACHABLE_CODE = YES;
				CLANG_WARN__DUPLICATE_METHOD_MATCH = YES;
				CODE_SIGN_IDENTITY = "iPhone Developer";
				COPY_PHASE_STRIP = NO;
				DEBUG_INFORMATION_FORMAT = dwarf;
				ENABLE_STRICT_OBJC_MSGSEND = YES;
				ENABLE_TESTABILITY = YES;
				GCC_C_LANGUAGE_STANDARD = gnu11;
				GCC_DYNAMIC_NO_PIC = NO;
				GCC_NO_COMMON_BLOCKS = YES;
				GCC_OPTIMIZATION_LEVEL = 0;
				GCC_PREPROCESSOR_DEFINITIONS = (
					"DEBUG=1",
					"$(inherited)",
				);
				GCC_WARN_64_TO_32_BIT_CONVERSION = YES;
				GCC_WARN_ABOUT_RETURN_TYPE = YES_ERROR;
				GCC_WARN_UNDECLARED_SELECTOR = YES;
				GCC_WARN_UNINITIALIZED_AUTOS = YES_AGGRESSIVE;
				GCC_WARN_UNUSED_FUNCTION = YES;
				GCC_WARN_UNUSED_VARIABLE = YES;
				IPHONEOS_DEPLOYMENT_TARGET = 12.1;
				MTL_ENABLE_DEBUG_INFO = INCLUDE_SOURCE;
				MTL_FAST_MATH = YES;
				ONLY_ACTIVE_ARCH = YES;
				SDKROOT = iphoneos;
				SWIFT_ACTIVE_COMPILATION_CONDITIONS = DEBUG;
				SWIFT_OPTIMIZATION_LEVEL = "-Onone";
			};
			name = Debug;
		};
		99427A8321A4B50F0074427A /* Release */ = {
			isa = XCBuildConfiguration;
			buildSettings = {
				ALWAYS_SEARCH_USER_PATHS = NO;
				CLANG_ANALYZER_NONNULL = YES;
				CLANG_ANALYZER_NUMBER_OBJECT_CONVERSION = YES_AGGRESSIVE;
				CLANG_CXX_LANGUAGE_STANDARD = "gnu++14";
				CLANG_CXX_LIBRARY = "libc++";
				CLANG_ENABLE_MODULES = YES;
				CLANG_ENABLE_OBJC_ARC = YES;
				CLANG_ENABLE_OBJC_WEAK = YES;
				CLANG_WARN_BLOCK_CAPTURE_AUTORELEASING = YES;
				CLANG_WARN_BOOL_CONVERSION = YES;
				CLANG_WARN_COMMA = YES;
				CLANG_WARN_CONSTANT_CONVERSION = YES;
				CLANG_WARN_DEPRECATED_OBJC_IMPLEMENTATIONS = YES;
				CLANG_WARN_DIRECT_OBJC_ISA_USAGE = YES_ERROR;
				CLANG_WARN_DOCUMENTATION_COMMENTS = YES;
				CLANG_WARN_EMPTY_BODY = YES;
				CLANG_WARN_ENUM_CONVERSION = YES;
				CLANG_WARN_INFINITE_RECURSION = YES;
				CLANG_WARN_INT_CONVERSION = YES;
				CLANG_WARN_NON_LITERAL_NULL_CONVERSION = YES;
				CLANG_WARN_OBJC_IMPLICIT_RETAIN_SELF = YES;
				CLANG_WARN_OBJC_LITERAL_CONVERSION = YES;
				CLANG_WARN_OBJC_ROOT_CLASS = YES_ERROR;
				CLANG_WARN_RANGE_LOOP_ANALYSIS = YES;
				CLANG_WARN_STRICT_PROTOTYPES = YES;
				CLANG_WARN_SUSPICIOUS_MOVE = YES;
				CLANG_WARN_UNGUARDED_AVAILABILITY = YES_AGGRESSIVE;
				CLANG_WARN_UNREACHABLE_CODE = YES;
				CLANG_WARN__DUPLICATE_METHOD_MATCH = YES;
				CODE_SIGN_IDENTITY = "iPhone Developer";
				COPY_PHASE_STRIP = NO;
				DEBUG_INFORMATION_FORMAT = "dwarf-with-dsym";
				ENABLE_NS_ASSERTIONS = NO;
				ENABLE_STRICT_OBJC_MSGSEND = YES;
				GCC_C_LANGUAGE_STANDARD = gnu11;
				GCC_NO_COMMON_BLOCKS = YES;
				GCC_WARN_64_TO_32_BIT_CONVERSION = YES;
				GCC_WARN_ABOUT_RETURN_TYPE = YES_ERROR;
				GCC_WARN_UNDECLARED_SELECTOR = YES;
				GCC_WARN_UNINITIALIZED_AUTOS = YES_AGGRESSIVE;
				GCC_WARN_UNUSED_FUNCTION = YES;
				GCC_WARN_UNUSED_VARIABLE = YES;
				IPHONEOS_DEPLOYMENT_TARGET = 12.1;
				MTL_ENABLE_DEBUG_INFO = NO;
				MTL_FAST_MATH = YES;
				SDKROOT = iphoneos;
				SWIFT_COMPILATION_MODE = wholemodule;
				SWIFT_OPTIMIZATION_LEVEL = "-O";
				VALIDATE_PRODUCT = YES;
			};
			name = Release;
		};
		99427A8521A4B50F0074427A /* Debug */ = {
			isa = XCBuildConfiguration;
			buildSettings = {
				ASSETCATALOG_COMPILER_APPICON_NAME = AppIcon;
				CODE_SIGN_STYLE = Automatic;
				DEVELOPMENT_TEAM = 5C8ZLNKV2V;
				INFOPLIST_FILE = HairSwap/Info.plist;
				IPHONEOS_DEPLOYMENT_TARGET = 9.0;
				LD_RUNPATH_SEARCH_PATHS = (
					"$(inherited)",
					"@executable_path/Frameworks",
				);
				PRODUCT_BUNDLE_IDENTIFIER = org.HairSwap;
				PRODUCT_NAME = "$(TARGET_NAME)";
				SWIFT_VERSION = 4.2;
				TARGETED_DEVICE_FAMILY = "1,2";
			};
			name = Debug;
		};
		99427A8621A4B50F0074427A /* Release */ = {
			isa = XCBuildConfiguration;
			buildSettings = {
				ASSETCATALOG_COMPILER_APPICON_NAME = AppIcon;
				CODE_SIGN_STYLE = Automatic;
				DEVELOPMENT_TEAM = 5C8ZLNKV2V;
				INFOPLIST_FILE = HairSwap/Info.plist;
				IPHONEOS_DEPLOYMENT_TARGET = 9.0;
				LD_RUNPATH_SEARCH_PATHS = (
					"$(inherited)",
					"@executable_path/Frameworks",
				);
				PRODUCT_BUNDLE_IDENTIFIER = org.HairSwap;
				PRODUCT_NAME = "$(TARGET_NAME)";
				SWIFT_VERSION = 4.2;
				TARGETED_DEVICE_FAMILY = "1,2";
			};
			name = Release;
		};
		99427A8821A4B50F0074427A /* Debug */ = {
			isa = XCBuildConfiguration;
			buildSettings = {
				ALWAYS_EMBED_SWIFT_STANDARD_LIBRARIES = YES;
				BUNDLE_LOADER = "$(TEST_HOST)";
				CODE_SIGN_STYLE = Automatic;
				DEVELOPMENT_TEAM = 5C8ZLNKV2V;
				INFOPLIST_FILE = HairSwapTests/Info.plist;
				LD_RUNPATH_SEARCH_PATHS = (
					"$(inherited)",
					"@executable_path/Frameworks",
					"@loader_path/Frameworks",
				);
				PRODUCT_BUNDLE_IDENTIFIER = org.HairSwapTests;
				PRODUCT_NAME = "$(TARGET_NAME)";
				SWIFT_VERSION = 4.2;
				TARGETED_DEVICE_FAMILY = "1,2";
				TEST_HOST = "$(BUILT_PRODUCTS_DIR)/HairSwap.app/HairSwap";
			};
			name = Debug;
		};
		99427A8921A4B50F0074427A /* Release */ = {
			isa = XCBuildConfiguration;
			buildSettings = {
				ALWAYS_EMBED_SWIFT_STANDARD_LIBRARIES = YES;
				BUNDLE_LOADER = "$(TEST_HOST)";
				CODE_SIGN_STYLE = Automatic;
				DEVELOPMENT_TEAM = 5C8ZLNKV2V;
				INFOPLIST_FILE = HairSwapTests/Info.plist;
				LD_RUNPATH_SEARCH_PATHS = (
					"$(inherited)",
					"@executable_path/Frameworks",
					"@loader_path/Frameworks",
				);
				PRODUCT_BUNDLE_IDENTIFIER = org.HairSwapTests;
				PRODUCT_NAME = "$(TARGET_NAME)";
				SWIFT_VERSION = 4.2;
				TARGETED_DEVICE_FAMILY = "1,2";
				TEST_HOST = "$(BUILT_PRODUCTS_DIR)/HairSwap.app/HairSwap";
			};
			name = Release;
		};
		99427A8B21A4B50F0074427A /* Debug */ = {
			isa = XCBuildConfiguration;
			buildSettings = {
				ALWAYS_EMBED_SWIFT_STANDARD_LIBRARIES = YES;
				CODE_SIGN_STYLE = Automatic;
				DEVELOPMENT_TEAM = 5C8ZLNKV2V;
				INFOPLIST_FILE = HairSwapUITests/Info.plist;
				LD_RUNPATH_SEARCH_PATHS = (
					"$(inherited)",
					"@executable_path/Frameworks",
					"@loader_path/Frameworks",
				);
				PRODUCT_BUNDLE_IDENTIFIER = org.HairSwapUITests;
				PRODUCT_NAME = "$(TARGET_NAME)";
				SWIFT_VERSION = 4.2;
				TARGETED_DEVICE_FAMILY = "1,2";
				TEST_TARGET_NAME = HairSwap;
			};
			name = Debug;
		};
		99427A8C21A4B50F0074427A /* Release */ = {
			isa = XCBuildConfiguration;
			buildSettings = {
				ALWAYS_EMBED_SWIFT_STANDARD_LIBRARIES = YES;
				CODE_SIGN_STYLE = Automatic;
				DEVELOPMENT_TEAM = 5C8ZLNKV2V;
				INFOPLIST_FILE = HairSwapUITests/Info.plist;
				LD_RUNPATH_SEARCH_PATHS = (
					"$(inherited)",
					"@executable_path/Frameworks",
					"@loader_path/Frameworks",
				);
				PRODUCT_BUNDLE_IDENTIFIER = org.HairSwapUITests;
				PRODUCT_NAME = "$(TARGET_NAME)";
				SWIFT_VERSION = 4.2;
				TARGETED_DEVICE_FAMILY = "1,2";
				TEST_TARGET_NAME = HairSwap;
			};
			name = Release;
		};
/* End XCBuildConfiguration section */

/* Begin XCConfigurationList section */
		99427A5721A4B50C0074427A /* Build configuration list for PBXProject "HairSwap" */ = {
			isa = XCConfigurationList;
			buildConfigurations = (
				99427A8221A4B50F0074427A /* Debug */,
				99427A8321A4B50F0074427A /* Release */,
			);
			defaultConfigurationIsVisible = 0;
			defaultConfigurationName = Release;
		};
		99427A8421A4B50F0074427A /* Build configuration list for PBXNativeTarget "HairSwap" */ = {
			isa = XCConfigurationList;
			buildConfigurations = (
				99427A8521A4B50F0074427A /* Debug */,
				99427A8621A4B50F0074427A /* Release */,
			);
			defaultConfigurationIsVisible = 0;
			defaultConfigurationName = Release;
		};
		99427A8721A4B50F0074427A /* Build configuration list for PBXNativeTarget "HairSwapTests" */ = {
			isa = XCConfigurationList;
			buildConfigurations = (
				99427A8821A4B50F0074427A /* Debug */,
				99427A8921A4B50F0074427A /* Release */,
			);
			defaultConfigurationIsVisible = 0;
			defaultConfigurationName = Release;
		};
		99427A8A21A4B50F0074427A /* Build configuration list for PBXNativeTarget "HairSwapUITests" */ = {
			isa = XCConfigurationList;
			buildConfigurations = (
				99427A8B21A4B50F0074427A /* Debug */,
				99427A8C21A4B50F0074427A /* Release */,
			);
			defaultConfigurationIsVisible = 0;
			defaultConfigurationName = Release;
		};
/* End XCConfigurationList section */
	};
	rootObject = 99427A5421A4B50C0074427A /* Project object */;
}
